
Microsoft Visual Studio Solution File, Format Version 12.00
# Visual Studio Version 17
VisualStudioVersion = 17.9.34622.214
MinimumVisualStudioVersion = 10.0.40219.1
Project("{FAE04EC0-301F-11D3-BF4B-00C04F79EFBC}") = "DataLayer", "DataLayer\DataLayer.csproj", "{52C9F00C-3D92-433C-8E08-7BD9642C8E6D}"
EndProject
Project("{FAE04EC0-301F-11D3-BF4B-00C04F79EFBC}") = "LogicLayer", "LogicLayer\LogicLayer.csproj", "{7052E2CF-1EC3-418C-A063-503C73476848}"
EndProject
Project("{FAE04EC0-301F-11D3-BF4B-00C04F79EFBC}") = "PresentationLayer", "PresentationLayer\PresentationLayer.csproj", "{C797C8DE-A792-47C9-BD53-88576032B565}"
EndProject
Global
	GlobalSection(SolutionConfigurationPlatforms) = preSolution
		Debug|Any CPU = Debug|Any CPU
		Release|Any CPU = Release|Any CPU
	EndGlobalSection
	GlobalSection(ProjectConfigurationPlatforms) = postSolution
		{52C9F00C-3D92-433C-8E08-7BD9642C8E6D}.Debug|Any CPU.ActiveCfg = Debug|Any CPU
		{52C9F00C-3D92-433C-8E08-7BD9642C8E6D}.Debug|Any CPU.Build.0 = Debug|Any CPU
		{52C9F00C-3D92-433C-8E08-7BD9642C8E6D}.Release|Any CPU.ActiveCfg = Release|Any CPU
		{52C9F00C-3D92-433C-8E08-7BD9642C8E6D}.Release|Any CPU.Build.0 = Release|Any CPU
		{7052E2CF-1EC3-418C-A063-503C73476848}.Debug|Any CPU.ActiveCfg = Debug|Any CPU
		{7052E2CF-1EC3-418C-A063-503C73476848}.Debug|Any CPU.Build.0 = Debug|Any CPU
		{7052E2CF-1EC3-418C-A063-503C73476848}.Release|Any CPU.ActiveCfg = Release|Any CPU
		{7052E2CF-1EC3-418C-A063-503C73476848}.Release|Any CPU.Build.0 = Release|Any CPU
		{C797C8DE-A792-47C9-BD53-88576032B565}.Debug|Any CPU.ActiveCfg = Debug|Any CPU
		{C797C8DE-A792-47C9-BD53-88576032B565}.Debug|Any CPU.Build.0 = Debug|Any CPU
		{C797C8DE-A792-47C9-BD53-88576032B565}.Release|Any CPU.ActiveCfg = Release|Any CPU
		{C797C8DE-A792-47C9-BD53-88576032B565}.Release|Any CPU.Build.0 = Release|Any CPU
	EndGlobalSection
	GlobalSection(SolutionProperties) = preSolution
		HideSolutionNode = FALSE
	EndGlobalSection
	GlobalSection(ExtensibilityGlobals) = postSolution
		SolutionGuid = {81AEC474-74DE-4AD4-B8DB-7F78B1818FEF}
	EndGlobalSection
EndGlobal
